
Microsoft Visual Studio Solution File, Format Version 12.00
# Visual Studio Version 16
VisualStudioVersion = 16.0.28803.352
MinimumVisualStudioVersion = 10.0.40219.1
Project("{FAE04EC0-301F-11D3-BF4B-00C04F79EFBC}") = "Vba_macro", "Vba_macro\Vba_macro.csproj", "{1D745158-5A51-47B5-B3B5-8D255F2D9DBC}"
EndProject
Global
	GlobalSection(SolutionConfigurationPlatforms) = preSolution
		Debug|Any CPU = Debug|Any CPU
		Release|Any CPU = Release|Any CPU
	EndGlobalSection
	GlobalSection(ProjectConfigurationPlatforms) = postSolution
		{1D745158-5A51-47B5-B3B5-8D255F2D9DBC}.Debug|Any CPU.ActiveCfg = Debug|Any CPU
		{1D745158-5A51-47B5-B3B5-8D255F2D9DBC}.Debug|Any CPU.Build.0 = Debug|Any CPU
		{1D745158-5A51-47B5-B3B5-8D255F2D9DBC}.Release|Any CPU.ActiveCfg = Release|Any CPU
		{1D745158-5A51-47B5-B3B5-8D255F2D9DBC}.Release|Any CPU.Build.0 = Release|Any CPU
	EndGlobalSection
	GlobalSection(SolutionProperties) = preSolution
		HideSolutionNode = FALSE
	EndGlobalSection
	GlobalSection(ExtensibilityGlobals) = postSolution
		SolutionGuid = {C6BD00CF-A6EE-4F03-8A89-836D7F680B02}
	EndGlobalSection
EndGlobal
